
Microsoft Visual Studio Solution File, Format Version 12.00
# Visual Studio Version 16
VisualStudioVersion = 16.0.31005.135
MinimumVisualStudioVersion = 10.0.40219.1
Project("{FAE04EC0-301F-11D3-BF4B-00C04F79EFBC}") = "LogikProjekt", "LogikProjekt\LogikProjekt.csproj", "{6226A4EF-0DDD-4ADB-BF54-42B66505AC0B}"
EndProject
Global
	GlobalSection(SolutionConfigurationPlatforms) = preSolution
		Debug|Any CPU = Debug|Any CPU
		Release|Any CPU = Release|Any CPU
	EndGlobalSection
	GlobalSection(ProjectConfigurationPlatforms) = postSolution
		{6226A4EF-0DDD-4ADB-BF54-42B66505AC0B}.Debug|Any CPU.ActiveCfg = Debug|Any CPU
		{6226A4EF-0DDD-4ADB-BF54-42B66505AC0B}.Debug|Any CPU.Build.0 = Debug|Any CPU
		{6226A4EF-0DDD-4ADB-BF54-42B66505AC0B}.Release|Any CPU.ActiveCfg = Release|Any CPU
		{6226A4EF-0DDD-4ADB-BF54-42B66505AC0B}.Release|Any CPU.Build.0 = Release|Any CPU
	EndGlobalSection
	GlobalSection(SolutionProperties) = preSolution
		HideSolutionNode = FALSE
	EndGlobalSection
	GlobalSection(ExtensibilityGlobals) = postSolution
		SolutionGuid = {F067E1A3-5958-4D76-8316-013707413B41}
	EndGlobalSection
EndGlobal
